Microsoft Visual Studio Solution File, Format Version 12.00
# Visual Studio Version 17
VisualStudioVersion = 17.5.2.0
MinimumVisualStudioVersion = 10.0.40219.1
Project("{FAE04EC0-301F-11D3-BF4B-00C04F79EFBC}") = "EnergyDataPipeline", "EnergyDataPipeline\EnergyDataPipeline.csproj", "{A3BE5BAB-3A8C-DE04-6441-6E710E3EE243}"
EndProject
Global
	GlobalSection(SolutionConfigurationPlatforms) = preSolution
		Debug|Any CPU = Debug|Any CPU
		Release|Any CPU = Release|Any CPU
	EndGlobalSection
	GlobalSection(ProjectConfigurationPlatforms) = postSolution
		{A3BE5BAB-3A8C-DE04-6441-6E710E3EE243}.Debug|Any CPU.ActiveCfg = Debug|Any CPU
		{A3BE5BAB-3A8C-DE04-6441-6E710E3EE243}.Debug|Any CPU.Build.0 = Debug|Any CPU
		{A3BE5BAB-3A8C-DE04-6441-6E710E3EE243}.Release|Any CPU.ActiveCfg = Release|Any CPU
		{A3BE5BAB-3A8C-DE04-6441-6E710E3EE243}.Release|Any CPU.Build.0 = Release|Any CPU
	EndGlobalSection
	GlobalSection(SolutionProperties) = preSolution
		HideSolutionNode = FALSE
	EndGlobalSection
	GlobalSection(ExtensibilityGlobals) = postSolution
		SolutionGuid = {A4C1DFA0-7366-494C-9EB5-08534041EB7E}
	EndGlobalSection
EndGlobal
